
Microsoft Visual Studio Solution File, Format Version 12.00
# Visual Studio 15
VisualStudioVersion = 15.0.26730.15
MinimumVisualStudioVersion = 10.0.40219.1
Project("{FAE04EC0-301F-11D3-BF4B-00C04F79EFBC}") = "DAL", "DataAccessLayer\DAL.csproj", "{ADCB5529-A253-4A48-BD20-442EF0CA0A63}"
EndProject
Project("{FAE04EC0-301F-11D3-BF4B-00C04F79EFBC}") = "Entity", "Entities\Entity.csproj", "{17B6CCDD-D61F-40BC-8925-B494972D1A89}"
EndProject
Project("{FAE04EC0-301F-11D3-BF4B-00C04F79EFBC}") = "BLL", "BLL\BLL\BLL.csproj", "{E2647FE1-5DF5-431C-802D-33845D787624}"
EndProject
Global
	GlobalSection(SolutionConfigurationPlatforms) = preSolution
		Debug|Any CPU = Debug|Any CPU
		Release|Any CPU = Release|Any CPU
	EndGlobalSection
	GlobalSection(ProjectConfigurationPlatforms) = postSolution
		{ADCB5529-A253-4A48-BD20-442EF0CA0A63}.Debug|Any CPU.ActiveCfg = Debug|Any CPU
		{ADCB5529-A253-4A48-BD20-442EF0CA0A63}.Debug|Any CPU.Build.0 = Debug|Any CPU
		{ADCB5529-A253-4A48-BD20-442EF0CA0A63}.Release|Any CPU.ActiveCfg = Release|Any CPU
		{ADCB5529-A253-4A48-BD20-442EF0CA0A63}.Release|Any CPU.Build.0 = Release|Any CPU
		{17B6CCDD-D61F-40BC-8925-B494972D1A89}.Debug|Any CPU.ActiveCfg = Debug|Any CPU
		{17B6CCDD-D61F-40BC-8925-B494972D1A89}.Debug|Any CPU.Build.0 = Debug|Any CPU
		{17B6CCDD-D61F-40BC-8925-B494972D1A89}.Release|Any CPU.ActiveCfg = Release|Any CPU
		{17B6CCDD-D61F-40BC-8925-B494972D1A89}.Release|Any CPU.Build.0 = Release|Any CPU
		{E2647FE1-5DF5-431C-802D-33845D787624}.Debug|Any CPU.ActiveCfg = Debug|Any CPU
		{E2647FE1-5DF5-431C-802D-33845D787624}.Debug|Any CPU.Build.0 = Debug|Any CPU
		{E2647FE1-5DF5-431C-802D-33845D787624}.Release|Any CPU.ActiveCfg = Release|Any CPU
		{E2647FE1-5DF5-431C-802D-33845D787624}.Release|Any CPU.Build.0 = Release|Any CPU
	EndGlobalSection
	GlobalSection(SolutionProperties) = preSolution
		HideSolutionNode = FALSE
	EndGlobalSection
	GlobalSection(ExtensibilityGlobals) = postSolution
		SolutionGuid = {983E2D83-8EC8-4420-9492-E7E438C8A78E}
	EndGlobalSection
EndGlobal
