
Microsoft Visual Studio Solution File, Format Version 12.00
# Visual Studio 15
VisualStudioVersion = 15.0.26730.15
MinimumVisualStudioVersion = 10.0.40219.1
Project("{FAE04EC0-301F-11D3-BF4B-00C04F79EFBC}") = "DataAccesLayer", "Lab4SA\DataAccesLayer.csproj", "{FA9FFDD1-2D83-4260-99C2-FDBA83A93AE0}"
EndProject
Project("{FAE04EC0-301F-11D3-BF4B-00C04F79EFBC}") = "Entity", "Entity\Entity.csproj", "{967296C5-BB7B-4B9E-8473-1993B4D4FDCB}"
EndProject
Project("{FAE04EC0-301F-11D3-BF4B-00C04F79EFBC}") = "BusinesLogic", "BusinesLogic\BusinesLogic.csproj", "{9DE9B763-7EF6-4FA7-8179-F9758AE71908}"
EndProject
Project("{FAE04EC0-301F-11D3-BF4B-00C04F79EFBC}") = "UnitOfWork", "UnitOfWork\UnitOfWork.csproj", "{BA9DA5AC-A83A-4021-8564-504926FF6C34}"
EndProject
Global
	GlobalSection(SolutionConfigurationPlatforms) = preSolution
		Debug|Any CPU = Debug|Any CPU
		Release|Any CPU = Release|Any CPU
	EndGlobalSection
	GlobalSection(ProjectConfigurationPlatforms) = postSolution
		{FA9FFDD1-2D83-4260-99C2-FDBA83A93AE0}.Debug|Any CPU.ActiveCfg = Debug|Any CPU
		{FA9FFDD1-2D83-4260-99C2-FDBA83A93AE0}.Debug|Any CPU.Build.0 = Debug|Any CPU
		{FA9FFDD1-2D83-4260-99C2-FDBA83A93AE0}.Release|Any CPU.ActiveCfg = Release|Any CPU
		{FA9FFDD1-2D83-4260-99C2-FDBA83A93AE0}.Release|Any CPU.Build.0 = Release|Any CPU
		{967296C5-BB7B-4B9E-8473-1993B4D4FDCB}.Debug|Any CPU.ActiveCfg = Debug|Any CPU
		{967296C5-BB7B-4B9E-8473-1993B4D4FDCB}.Debug|Any CPU.Build.0 = Debug|Any CPU
		{967296C5-BB7B-4B9E-8473-1993B4D4FDCB}.Release|Any CPU.ActiveCfg = Release|Any CPU
		{967296C5-BB7B-4B9E-8473-1993B4D4FDCB}.Release|Any CPU.Build.0 = Release|Any CPU
		{9DE9B763-7EF6-4FA7-8179-F9758AE71908}.Debug|Any CPU.ActiveCfg = Debug|Any CPU
		{9DE9B763-7EF6-4FA7-8179-F9758AE71908}.Debug|Any CPU.Build.0 = Debug|Any CPU
		{9DE9B763-7EF6-4FA7-8179-F9758AE71908}.Release|Any CPU.ActiveCfg = Release|Any CPU
		{9DE9B763-7EF6-4FA7-8179-F9758AE71908}.Release|Any CPU.Build.0 = Release|Any CPU
		{BA9DA5AC-A83A-4021-8564-504926FF6C34}.Debug|Any CPU.ActiveCfg = Debug|Any CPU
		{BA9DA5AC-A83A-4021-8564-504926FF6C34}.Debug|Any CPU.Build.0 = Debug|Any CPU
		{BA9DA5AC-A83A-4021-8564-504926FF6C34}.Release|Any CPU.ActiveCfg = Release|Any CPU
		{BA9DA5AC-A83A-4021-8564-504926FF6C34}.Release|Any CPU.Build.0 = Release|Any CPU
	EndGlobalSection
	GlobalSection(SolutionProperties) = preSolution
		HideSolutionNode = FALSE
	EndGlobalSection
	GlobalSection(ExtensibilityGlobals) = postSolution
		SolutionGuid = {4F4F0737-6135-4C80-ADE7-1D3A76DC4626}
	EndGlobalSection
EndGlobal
